// !$*UTF8*$!
{
	archiveVersion = 1;
	classes = {
	};
	objectVersion = 52;
	objects = {

/* Begin PBXBuildFile section */
		8E5B0746235220F100E9F885 /* LaunchScreen.storyboard in Resources */ = {isa = PBXBuildFile; fileRef = 8E5B0744235220F000E9F885 /* LaunchScreen.storyboard */; };
		8E5B0747235220F100E9F885 /* Main.storyboard in Resources */ = {isa = PBXBuildFile; fileRef = 8E5B0745235220F000E9F885 /* Main.storyboard */; };
		8E7131E1252F7BA0006CE02E /* SwipyCell in Frameworks */ = {isa = PBXBuildFile; productRef = 8E7131E0252F7BA0006CE02E /* SwipyCell */; };
		8EB860BA1C98666B00DB393C /* AppDelegate.swift in Sources */ = {isa = PBXBuildFile; fileRef = 8EB860B11C98666B00DB393C /* AppDelegate.swift */; };
		8EB860BF1C98666B00DB393C /* SwipyCellViewController.swift in Sources */ = {isa = PBXBuildFile; fileRef = 8EB860B91C98666B00DB393C /* SwipyCellViewController.swift */; };
		8EB860CE1C98670000DB393C /* Assets.xcassets in Resources */ = {isa = PBXBuildFile; fileRef = 8EB860C71C98670000DB393C /* Assets.xcassets */; };
/* End PBXBuildFile section */

/* Begin PBXCopyFilesBuildPhase section */
		8EB860E71C9B00D300DB393C /* Embed Frameworks */ = {
			isa = PBXCopyFilesBuildPhase;
			buildActionMask = 2147483647;
			dstPath = "";
			dstSubfolderSpec = 10;
			files = (
			);
			name = "Embed Frameworks";
			runOnlyForDeploymentPostprocessing = 0;
		};
/* End PBXCopyFilesBuildPhase section */

/* Begin PBXFileReference section */
		8E5B0744235220F000E9F885 /* LaunchScreen.storyboard */ = {isa = PBXFileReference; fileEncoding = 4; lastKnownFileType = file.storyboard; path = LaunchScreen.storyboard; sourceTree = "<group>"; };
		8E5B0745235220F000E9F885 /* Main.storyboard */ = {isa = PBXFileReference; fileEncoding = 4; lastKnownFileType = file.storyboard; path = Main.storyboard; sourceTree = "<group>"; };
		8E7131DE252F7B8D006CE02E /* SwipyCell */ = {isa = PBXFileReference; lastKnownFileType = folder; name = SwipyCell; path = ..; sourceTree = "<group>"; };
		8EB8609C1C98661E00DB393C /* SwipyCellExample.app */ = {isa = PBXFileReference; explicitFileType = wrapper.application; includeInIndex = 0; path = SwipyCellExample.app; sourceTree = BUILT_PRODUCTS_DIR; };
		8EB860B11C98666B00DB393C /* AppDelegate.swift */ = {isa = PBXFileReference; fileEncoding = 4; lastKnownFileType = sourcecode.swift; name = AppDelegate.swift; path = SwipyCellExample/AppDelegate.swift; sourceTree = SOURCE_ROOT; };
		8EB860B91C98666B00DB393C /* SwipyCellViewController.swift */ = {isa = PBXFileReference; fileEncoding = 4; lastKnownFileType = sourcecode.swift; name = SwipyCellViewController.swift; path = SwipyCellExample/SwipyCellViewController.swift; sourceTree = SOURCE_ROOT; };
		8EB860C71C98670000DB393C /* Assets.xcassets */ = {isa = PBXFileReference; lastKnownFileType = folder.assetcatalog; name = Assets.xcassets; path = SwipyCellExample/Assets.xcassets; sourceTree = SOURCE_ROOT; };
		8EB860CD1C98670000DB393C /* Info.plist */ = {isa = PBXFileReference; fileEncoding = 4; lastKnownFileType = text.plist.xml; name = Info.plist; path = SwipyCellExample/Info.plist; sourceTree = SOURCE_ROOT; };
/* End PBXFileReference section */

/* Begin PBXFrameworksBuildPhase section */
		8EB860991C98661E00DB393C /* Frameworks */ = {
			isa = PBXFrameworksBuildPhase;
			buildActionMask = 2147483647;
			files = (
				8E7131E1252F7BA0006CE02E /* SwipyCell in Frameworks */,
			);
			runOnlyForDeploymentPostprocessing = 0;
		};
/* End PBXFrameworksBuildPhase section */

/* Begin PBXGroup section */
		8E7131DF252F7BA0006CE02E /* Frameworks */ = {
			isa = PBXGroup;
			children = (
			);
			name = Frameworks;
			sourceTree = "<group>";
		};
		8EB860931C98661E00DB393C = {
			isa = PBXGroup;
			children = (
				8E7131DE252F7B8D006CE02E /* SwipyCell */,
				8EB8609E1C98661E00DB393C /* SwipyCellExample */,
				8EB8609D1C98661E00DB393C /* Products */,
				8E7131DF252F7BA0006CE02E /* Frameworks */,
			);
			sourceTree = "<group>";
		};
		8EB8609D1C98661E00DB393C /* Products */ = {
			isa = PBXGroup;
			children = (
				8EB8609C1C98661E00DB393C /* SwipyCellExample.app */,
			);
			name = Products;
			sourceTree = "<group>";
		};
		8EB8609E1C98661E00DB393C /* SwipyCellExample */ = {
			isa = PBXGroup;
			children = (
				8EB860B11C98666B00DB393C /* AppDelegate.swift */,
				8EB860B91C98666B00DB393C /* SwipyCellViewController.swift */,
				8EB860C71C98670000DB393C /* Assets.xcassets */,
				8E5B0744235220F000E9F885 /* LaunchScreen.storyboard */,
				8E5B0745235220F000E9F885 /* Main.storyboard */,
				8EB860CD1C98670000DB393C /* Info.plist */,
			);
			path = SwipyCellExample;
			sourceTree = "<group>";
		};
/* End PBXGroup section */

/* Begin PBXNativeTarget section */
		8EB8609B1C98661E00DB393C /* SwipyCellExample */ = {
			isa = PBXNativeTarget;
			buildConfigurationList = 8EB860AE1C98661E00DB393C /* Build configuration list for PBXNativeTarget "SwipyCellExample" */;
			buildPhases = (
				8EB860981C98661E00DB393C /* Sources */,
				8EB860991C98661E00DB393C /* Frameworks */,
				8EB8609A1C98661E00DB393C /* Resources */,
				8EB860E71C9B00D300DB393C /* Embed Frameworks */,
			);
			buildRules = (
			);
			dependencies = (
			);
			name = SwipyCellExample;
			packageProductDependencies = (
				8E7131E0252F7BA0006CE02E /* SwipyCell */,
			);
			productName = SwipyCellExample;
			productReference = 8EB8609C1C98661E00DB393C /* SwipyCellExample.app */;
			productType = "com.apple.product-type.application";
		};
/* End PBXNativeTarget section */

/* Begin PBXProject section */
		8EB860941C98661E00DB393C /* Project object */ = {
			isa = PBXProject;
			attributes = {
				LastSwiftUpdateCheck = 0720;
				LastUpgradeCheck = 1200;
				ORGANIZATIONNAME = "Moritz Sternemann";
				TargetAttributes = {
					8EB8609B1C98661E00DB393C = {
						CreatedOnToolsVersion = 7.2.1;
						DevelopmentTeam = AXTR5X4T2F;
						LastSwiftMigration = 1110;
					};
				};
			};
			buildConfigurationList = 8EB860971C98661E00DB393C /* Build configuration list for PBXProject "SwipyCellExample" */;
			compatibilityVersion = "Xcode 3.2";
			developmentRegion = en;
			hasScannedForEncodings = 0;
			knownRegions = (
				en,
			);
			mainGroup = 8EB860931C98661E00DB393C;
			productRefGroup = 8EB8609D1C98661E00DB393C /* Products */;
			projectDirPath = "";
			projectRoot = "";
			targets = (
				8EB8609B1C98661E00DB393C /* SwipyCellExample */,
			);
		};
/* End PBXProject section */

/* Begin PBXResourcesBuildPhase section */
		8EB8609A1C98661E00DB393C /* Resources */ = {
			isa = PBXResourcesBuildPhase;
			buildActionMask = 2147483647;
			files = (
				8E5B0747235220F100E9F885 /* Main.storyboard in Resources */,
				8EB860CE1C98670000DB393C /* Assets.xcassets in Resources */,
				8E5B0746235220F100E9F885 /* LaunchScreen.storyboard in Resources */,
			);
			runOnlyForDeploymentPostprocessing = 0;
		};
/* End PBXResourcesBuildPhase section */

/* Begin PBXSourcesBuildPhase section */
		8EB860981C98661E00DB393C /* Sources */ = {
			isa = PBXSourcesBuildPhase;
			buildActionMask = 2147483647;
			files = (
				8EB860BF1C98666B00DB393C /* SwipyCellViewController.swift in Sources */,
				8EB860BA1C98666B00DB393C /* AppDelegate.swift in Sources */,
			);
			runOnlyForDeploymentPostprocessing = 0;
		};
/* End PBXSourcesBuildPhase section */

/* Begin XCBuildConfiguration section */
		8EB860AC1C98661E00DB393C /* Debug */ = {
			isa = XCBuildConfiguration;
			buildSettings = {
				ALWAYS_SEARCH_USER_PATHS = NO;
				CLANG_CXX_LANGUAGE_STANDARD = "gnu++0x";
				CLANG_CXX_LIBRARY = "libc++";
				CLANG_ENABLE_MODULES = YES;
				CLANG_ENABLE_OBJC_ARC = YES;
				CLANG_WARN_BLOCK_CAPTURE_AUTORELEASING = YES;
				CLANG_WARN_BOOL_CONVERSION = YES;
				CLANG_WARN_COMMA = YES;
				CLANG_WARN_CONSTANT_CONVERSION = YES;
				CLANG_WARN_DEPRECATED_OBJC_IMPLEMENTATIONS = YES;
				CLANG_WARN_DIRECT_OBJC_ISA_USAGE = YES_ERROR;
				CLANG_WARN_EMPTY_BODY = YES;
				CLANG_WARN_ENUM_CONVERSION = YES;
				CLANG_WARN_INFINITE_RECURSION = YES;
				CLANG_WARN_INT_CONVERSION = YES;
				CLANG_WARN_NON_LITERAL_NULL_CONVERSION = YES;
				CLANG_WARN_OBJC_IMPLICIT_RETAIN_SELF = YES;
				CLANG_WARN_OBJC_LITERAL_CONVERSION = YES;
				CLANG_WARN_OBJC_ROOT_CLASS = YES_ERROR;
				CLANG_WARN_QUOTED_INCLUDE_IN_FRAMEWORK_HEADER = YES;
				CLANG_WARN_RANGE_LOOP_ANALYSIS = YES;
				CLANG_WARN_STRICT_PROTOTYPES = YES;
				CLANG_WARN_SUSPICIOUS_MOVE = YES;
				CLANG_WARN_UNREACHABLE_CODE = YES;
				CLANG_WARN__DUPLICATE_METHOD_MATCH = YES;
				"CODE_SIGN_IDENTITY[sdk=iphoneos*]" = "iPhone Developer";
				COPY_PHASE_STRIP = NO;
				DEBUG_INFORMATION_FORMAT = dwarf;
				ENABLE_STRICT_OBJC_MSGSEND = YES;
				ENABLE_TESTABILITY = YES;
				GCC_C_LANGUAGE_STANDARD = gnu99;
				GCC_DYNAMIC_NO_PIC = NO;
				GCC_NO_COMMON_BLOCKS = YES;
				GCC_OPTIMIZATION_LEVEL = 0;
				GCC_PREPROCESSOR_DEFINITIONS = (
					"DEBUG=1",
					"$(inherited)",
				);
				GCC_WARN_64_TO_32_BIT_CONVERSION = YES;
				GCC_WARN_ABOUT_RETURN_TYPE = YES_ERROR;
				GCC_WARN_UNDECLARED_SELECTOR = YES;
				GCC_WARN_UNINITIALIZED_AUTOS = YES_AGGRESSIVE;
				GCC_WARN_UNUSED_FUNCTION = YES;
				GCC_WARN_UNUSED_VARIABLE = YES;
				IPHONEOS_DEPLOYMENT_TARGET = 12.0;
				MTL_ENABLE_DEBUG_INFO = YES;
				ONLY_ACTIVE_ARCH = YES;
				SDKROOT = iphoneos;
				SWIFT_OPTIMIZATION_LEVEL = "-Onone";
			};
			name = Debug;
		};
		8EB860AD1C98661E00DB393C /* Release */ = {
			isa = XCBuildConfiguration;
			buildSettings = {
				ALWAYS_SEARCH_USER_PATHS = NO;
				CLANG_CXX_LANGUAGE_STANDARD = "gnu++0x";
				CLANG_CXX_LIBRARY = "libc++";
				CLANG_ENABLE_MODULES = YES;
				CLANG_ENABLE_OBJC_ARC = YES;
				CLANG_WARN_BLOCK_CAPTURE_AUTORELEASING = YES;
				CLANG_WARN_BOOL_CONVERSION = YES;
				CLANG_WARN_COMMA = YES;
				CLANG_WARN_CONSTANT_CONVERSION = YES;
				CLANG_WARN_DEPRECATED_OBJC_IMPLEMENTATIONS = YES;
				CLANG_WARN_DIRECT_OBJC_ISA_USAGE = YES_ERROR;
				CLANG_WARN_EMPTY_BODY = YES;
				CLANG_WARN_ENUM_CONVERSION = YES;
				CLANG_WARN_INFINITE_RECURSION = YES;
				CLANG_WARN_INT_CONVERSION = YES;
				CLANG_WARN_NON_LITERAL_NULL_CONVERSION = YES;
				CLANG_WARN_OBJC_IMPLICIT_RETAIN_SELF = YES;
				CLANG_WARN_OBJC_LITERAL_CONVERSION = YES;
				CLANG_WARN_OBJC_ROOT_CLASS = YES_ERROR;
				CLANG_WARN_QUOTED_INCLUDE_IN_FRAMEWORK_HEADER = YES;
				CLANG_WARN_RANGE_LOOP_ANALYSIS = YES;
				CLANG_WARN_STRICT_PROTOTYPES = YES;
				CLANG_WARN_SUSPICIOUS_MOVE = YES;
				CLANG_WARN_UNREACHABLE_CODE = YES;
				CLANG_WARN__DUPLICATE_METHOD_MATCH = YES;
				"CODE_SIGN_IDENTITY[sdk=iphoneos*]" = "iPhone Developer";
				COPY_PHASE_STRIP = NO;
				DEBUG_INFORMATION_FORMAT = "dwarf-with-dsym";
				ENABLE_NS_ASSERTIONS = NO;
				ENABLE_STRICT_OBJC_MSGSEND = YES;
				GCC_C_LANGUAGE_STANDARD = gnu99;
				GCC_NO_COMMON_BLOCKS = YES;
				GCC_WARN_64_TO_32_BIT_CONVERSION = YES;
				GCC_WARN_ABOUT_RETURN_TYPE = YES_ERROR;
				GCC_WARN_UNDECLARED_SELECTOR = YES;
				GCC_WARN_UNINITIALIZED_AUTOS = YES_AGGRESSIVE;
				GCC_WARN_UNUSED_FUNCTION = YES;
				GCC_WARN_UNUSED_VARIABLE = YES;
				IPHONEOS_DEPLOYMENT_TARGET = 12.0;
				MTL_ENABLE_DEBUG_INFO = NO;
				SDKROOT = iphoneos;
				SWIFT_COMPILATION_MODE = wholemodule;
				SWIFT_OPTIMIZATION_LEVEL = "-O";
				VALIDATE_PRODUCT = YES;
			};
			name = Release;
		};
		8EB860AF1C98661E00DB393C /* Debug */ = {
			isa = XCBuildConfiguration;
			buildSettings = {
				ALWAYS_EMBED_SWIFT_STANDARD_LIBRARIES = YES;
				ASSETCATALOG_COMPILER_APPICON_NAME = AppIcon;
				CLANG_ENABLE_MODULES = YES;
				INFOPLIST_FILE = "$(SRCROOT)/SwipyCellExample/Info.plist";
				LD_RUNPATH_SEARCH_PATHS = (
					"$(inherited)",
					"@executable_path/Frameworks",
				);
				MARKETING_VERSION = 4.1.0;
				PRODUCT_BUNDLE_IDENTIFIER = de.moritzsternemann.SwipyCellExample;
				PRODUCT_NAME = "$(TARGET_NAME)";
				SWIFT_OPTIMIZATION_LEVEL = "-Onone";
				SWIFT_VERSION = 5.0;
				TARGETED_DEVICE_FAMILY = "1,2";
			};
			name = Debug;
		};
		8EB860B01C98661E00DB393C /* Release */ = {
			isa = XCBuildConfiguration;
			buildSettings = {
				ALWAYS_EMBED_SWIFT_STANDARD_LIBRARIES = YES;
				ASSETCATALOG_COMPILER_APPICON_NAME = AppIcon;
				CLANG_ENABLE_MODULES = YES;
				INFOPLIST_FILE = "$(SRCROOT)/SwipyCellExample/Info.plist";
				LD_RUNPATH_SEARCH_PATHS = (
					"$(inherited)",
					"@executable_path/Frameworks",
				);
				MARKETING_VERSION = 4.1.0;
				PRODUCT_BUNDLE_IDENTIFIER = de.moritzsternemann.SwipyCellExample;
				PRODUCT_NAME = "$(TARGET_NAME)";
				SWIFT_VERSION = 5.0;
				TARGETED_DEVICE_FAMILY = "1,2";
			};
			name = Release;
		};
/* End XCBuildConfiguration section */

/* Begin XCConfigurationList section */
		8EB860971C98661E00DB393C /* Build configuration list for PBXProject "SwipyCellExample" */ = {
			isa = XCConfigurationList;
			buildConfigurations = (
				8EB860AC1C98661E00DB393C /* Debug */,
				8EB860AD1C98661E00DB393C /* Release */,
			);
			defaultConfigurationIsVisible = 0;
			defaultConfigurationName = Release;
		};
		8EB860AE1C98661E00DB393C /* Build configuration list for PBXNativeTarget "SwipyCellExample" */ = {
			isa = XCConfigurationList;
			buildConfigurations = (
				8EB860AF1C98661E00DB393C /* Debug */,
				8EB860B01C98661E00DB393C /* Release */,
			);
			defaultConfigurationIsVisible = 0;
			defaultConfigurationName = Release;
		};
/* End XCConfigurationList section */

/* Begin XCSwiftPackageProductDependency section */
		8E7131E0252F7BA0006CE02E /* SwipyCell */ = {
			isa = XCSwiftPackageProductDependency;
			productName = SwipyCell;
		};
/* End XCSwiftPackageProductDependency section */
	};
	rootObject = 8EB860941C98661E00DB393C /* Project object */;
}
